
Microsoft Visual Studio Solution File, Format Version 12.00
# Visual Studio Version 17
VisualStudioVersion = 17.9.34622.214
MinimumVisualStudioVersion = 10.0.40219.1
Project("{FAE04EC0-301F-11D3-BF4B-00C04F79EFBC}") = "Task105A.L1", "Task105A.L1.csproj", "{65883861-C6A9-4D5F-93CC-40E86575847C}"
EndProject
Global
	GlobalSection(SolutionConfigurationPlatforms) = preSolution
		Debug|Any CPU = Debug|Any CPU
		Release|Any CPU = Release|Any CPU
	EndGlobalSection
	GlobalSection(ProjectConfigurationPlatforms) = postSolution
		{65883861-C6A9-4D5F-93CC-40E86575847C}.Debug|Any CPU.ActiveCfg = Debug|Any CPU
		{65883861-C6A9-4D5F-93CC-40E86575847C}.Debug|Any CPU.Build.0 = Debug|Any CPU
		{65883861-C6A9-4D5F-93CC-40E86575847C}.Release|Any CPU.ActiveCfg = Release|Any CPU
		{65883861-C6A9-4D5F-93CC-40E86575847C}.Release|Any CPU.Build.0 = Release|Any CPU
	EndGlobalSection
	GlobalSection(SolutionProperties) = preSolution
		HideSolutionNode = FALSE
	EndGlobalSection
	GlobalSection(ExtensibilityGlobals) = postSolution
		SolutionGuid = {5F52D216-8A82-4066-BC76-FA2618AC5492}
	EndGlobalSection
EndGlobal
